
Microsoft Visual Studio Solution File, Format Version 12.00
# Visual Studio Version 16
VisualStudioVersion = 16.0.33027.164
MinimumVisualStudioVersion = 10.0.40219.1
Project("{FAE04EC0-301F-11D3-BF4B-00C04F79EFBC}") = "db1", "db1.csproj", "{D6626D5E-DE5D-4EF2-A0F6-99D611504C42}"
EndProject
Global
	GlobalSection(SolutionConfigurationPlatforms) = preSolution
		Debug|Any CPU = Debug|Any CPU
		Release|Any CPU = Release|Any CPU
	EndGlobalSection
	GlobalSection(ProjectConfigurationPlatforms) = postSolution
		{D6626D5E-DE5D-4EF2-A0F6-99D611504C42}.Debug|Any CPU.ActiveCfg = Debug|Any CPU
		{D6626D5E-DE5D-4EF2-A0F6-99D611504C42}.Debug|Any CPU.Build.0 = Debug|Any CPU
		{D6626D5E-DE5D-4EF2-A0F6-99D611504C42}.Release|Any CPU.ActiveCfg = Release|Any CPU
		{D6626D5E-DE5D-4EF2-A0F6-99D611504C42}.Release|Any CPU.Build.0 = Release|Any CPU
	EndGlobalSection
	GlobalSection(SolutionProperties) = preSolution
		HideSolutionNode = FALSE
	EndGlobalSection
	GlobalSection(ExtensibilityGlobals) = postSolution
		SolutionGuid = {CB7987DD-3647-43CF-868B-B354C64E3595}
	EndGlobalSection
EndGlobal
